
Microsoft Visual Studio Solution File, Format Version 12.00
# Visual Studio Version 17
VisualStudioVersion = 17.10.35013.160
MinimumVisualStudioVersion = 10.0.40219.1
Project("{FAE04EC0-301F-11D3-BF4B-00C04F79EFBC}") = "GestionCitaDental", "GestionCitaDental\GestionCitaDental.csproj", "{86065B99-2968-458D-A15C-32617A796B38}"
EndProject
Global
	GlobalSection(SolutionConfigurationPlatforms) = preSolution
		Debug|Any CPU = Debug|Any CPU
		Release|Any CPU = Release|Any CPU
	EndGlobalSection
	GlobalSection(ProjectConfigurationPlatforms) = postSolution
		{86065B99-2968-458D-A15C-32617A796B38}.Debug|Any CPU.ActiveCfg = Debug|Any CPU
		{86065B99-2968-458D-A15C-32617A796B38}.Debug|Any CPU.Build.0 = Debug|Any CPU
		{86065B99-2968-458D-A15C-32617A796B38}.Release|Any CPU.ActiveCfg = Release|Any CPU
		{86065B99-2968-458D-A15C-32617A796B38}.Release|Any CPU.Build.0 = Release|Any CPU
	EndGlobalSection
	GlobalSection(SolutionProperties) = preSolution
		HideSolutionNode = FALSE
	EndGlobalSection
	GlobalSection(ExtensibilityGlobals) = postSolution
		SolutionGuid = {613DF89D-C047-4FF1-AFA1-FF88D5C9B252}
	EndGlobalSection
EndGlobal
